
Microsoft Visual Studio Solution File, Format Version 12.00
# Visual Studio Version 16
VisualStudioVersion = 16.0.31005.135
MinimumVisualStudioVersion = 10.0.40219.1
Project("{FAE04EC0-301F-11D3-BF4B-00C04F79EFBC}") = "FlappyBirdWindowsForm", "FlappyBirdWindowsForm\FlappyBirdWindowsForm.csproj", "{2B8F0B9F-0F87-456C-923B-C6BD6D21F18D}"
EndProject
Global
	GlobalSection(SolutionConfigurationPlatforms) = preSolution
		Debug|Any CPU = Debug|Any CPU
		Release|Any CPU = Release|Any CPU
	EndGlobalSection
	GlobalSection(ProjectConfigurationPlatforms) = postSolution
		{2B8F0B9F-0F87-456C-923B-C6BD6D21F18D}.Debug|Any CPU.ActiveCfg = Debug|Any CPU
		{2B8F0B9F-0F87-456C-923B-C6BD6D21F18D}.Debug|Any CPU.Build.0 = Debug|Any CPU
		{2B8F0B9F-0F87-456C-923B-C6BD6D21F18D}.Release|Any CPU.ActiveCfg = Release|Any CPU
		{2B8F0B9F-0F87-456C-923B-C6BD6D21F18D}.Release|Any CPU.Build.0 = Release|Any CPU
	EndGlobalSection
	GlobalSection(SolutionProperties) = preSolution
		HideSolutionNode = FALSE
	EndGlobalSection
	GlobalSection(ExtensibilityGlobals) = postSolution
		SolutionGuid = {C0C0579E-8BE0-45C7-873A-B233148ECA8F}
	EndGlobalSection
EndGlobal
